<?xml version="1.0" encoding="utf-8"?>
<Project ToolsVersion="4.0" xmlns="http://schemas.microsoft.com/developer/msbuild/2003">
  <ItemGroup>
    <Filter Include="Wiwa">
      <UniqueIdentifier>{DD928E7C-C9C9-8F0D-72B6-75105ECC0B0F}</UniqueIdentifier>
    </Filter>
    <Filter Include="Wiwa\Events">
      <UniqueIdentifier>{21C4805C-8D79-F951-166E-F3288222F055}</UniqueIdentifier>
    </Filter>
    <Filter Include="Wiwa\ImGui">
      <UniqueIdentifier>{C7F9C2CC-B3B1-041A-1CB9-DD7508909F0A}</UniqueIdentifier>
    </Filter>
    <Filter Include="Wiwa\Platform">
      <UniqueIdentifier>{D157E09B-3D18-5CD2-0653-A54F72D2A0AE}</UniqueIdentifier>
    </Filter>
    <Filter Include="Wiwa\Platform\OpenGL">
      <UniqueIdentifier>{E5EB53A3-D17A-DD6C-7A99-F1676607EE12}</UniqueIdentifier>
    </Filter>
    <Filter Include="Wiwa\Platform\Windows">
      <UniqueIdentifier>{0B43ED65-77AF-A860-40A3-40BEACCECAC8}</UniqueIdentifier>
    </Filter>
  </ItemGroup>
  <ItemGroup>
    <ClInclude Include="src\Wiwa.h" />
    <ClInclude Include="src\Wiwa\Application.h">
      <Filter>Wiwa</Filter>
    </ClInclude>
    <ClInclude Include="src\Wiwa\Core.h">
      <Filter>Wiwa</Filter>
    </ClInclude>
    <ClInclude Include="src\Wiwa\EntryPoint.h">
      <Filter>Wiwa</Filter>
    </ClInclude>
    <ClInclude Include="src\Wiwa\Events\ApplicationEvent.h">
      <Filter>Wiwa\Events</Filter>
    </ClInclude>
    <ClInclude Include="src\Wiwa\Events\Event.h">
      <Filter>Wiwa\Events</Filter>
    </ClInclude>
    <ClInclude Include="src\Wiwa\Events\KeyEvent.h">
      <Filter>Wiwa\Events</Filter>
    </ClInclude>
    <ClInclude Include="src\Wiwa\Events\MouseEvent.h">
      <Filter>Wiwa\Events</Filter>
    </ClInclude>
    <ClInclude Include="src\Wiwa\ImGui\ImGuiLayer.h">
      <Filter>Wiwa\ImGui</Filter>
    </ClInclude>
    <ClInclude Include="src\Wiwa\Input.h">
      <Filter>Wiwa</Filter>
    </ClInclude>
    <ClInclude Include="src\Wiwa\KeyCodes.h">
      <Filter>Wiwa</Filter>
    </ClInclude>
    <ClInclude Include="src\Wiwa\Layer.h">
      <Filter>Wiwa</Filter>
    </ClInclude>
    <ClInclude Include="src\Wiwa\LayerStack.h">
      <Filter>Wiwa</Filter>
    </ClInclude>
    <ClInclude Include="src\Wiwa\Log.h">
      <Filter>Wiwa</Filter>
    </ClInclude>
    <ClInclude Include="src\Wiwa\MouseCodes.h">
      <Filter>Wiwa</Filter>
    </ClInclude>
    <ClInclude Include="src\Wiwa\Platform\OpenGL\imgui_impl_glfw.h">
      <Filter>Wiwa\Platform\OpenGL</Filter>
    </ClInclude>
    <ClInclude Include="src\Wiwa\Platform\OpenGL\imgui_impl_opengl3.h">
      <Filter>Wiwa\Platform\OpenGL</Filter>
    </ClInclude>
    <ClInclude Include="src\Wiwa\Platform\OpenGL\imgui_impl_opengl3_loader.h">
      <Filter>Wiwa\Platform\OpenGL</Filter>
    </ClInclude>
    <ClInclude Include="src\Wiwa\Platform\Windows\WindowsInput.h">
      <Filter>Wiwa\Platform\Windows</Filter>
    </ClInclude>
    <ClInclude Include="src\Wiwa\Platform\Windows\WindowsWindow.h">
      <Filter>Wiwa\Platform\Windows</Filter>
    </ClInclude>
    <ClInclude Include="src\Wiwa\Window.h">
      <Filter>Wiwa</Filter>
    </ClInclude>
    <ClInclude Include="src\wipch.h" />
  </ItemGroup>
  <ItemGroup>
    <ClCompile Include="src\Wiwa\Application.cpp">
      <Filter>Wiwa</Filter>
    </ClCompile>
    <ClCompile Include="src\Wiwa\ImGui\ImGuiLayer.cpp">
      <Filter>Wiwa\ImGui</Filter>
    </ClCompile>
    <ClCompile Include="src\Wiwa\Layer.cpp">
      <Filter>Wiwa</Filter>
    </ClCompile>
    <ClCompile Include="src\Wiwa\LayerStack.cpp">
      <Filter>Wiwa</Filter>
    </ClCompile>
    <ClCompile Include="src\Wiwa\Log.cpp">
      <Filter>Wiwa</Filter>
    </ClCompile>
    <ClCompile Include="src\Wiwa\Platform\OpenGL\imgui_impl_glfw.cpp">
      <Filter>Wiwa\Platform\OpenGL</Filter>
    </ClCompile>
    <ClCompile Include="src\Wiwa\Platform\OpenGL\imgui_impl_opengl3.cpp">
      <Filter>Wiwa\Platform\OpenGL</Filter>
    </ClCompile>
    <ClCompile Include="src\Wiwa\Platform\Windows\WindowsInput.cpp">
      <Filter>Wiwa\Platform\Windows</Filter>
    </ClCompile>
    <ClCompile Include="src\Wiwa\Platform\Windows\WindowsWindow.cpp">
      <Filter>Wiwa\Platform\Windows</Filter>
    </ClCompile>
    <ClCompile Include="src\wipch.cpp" />
  </ItemGroup>
</Project>